
Microsoft Visual Studio Solution File, Format Version 12.00
# Visual Studio Version 17
VisualStudioVersion = 17.1.32328.378
MinimumVisualStudioVersion = 10.0.40219.1
Project("{8BC9CEB8-8B4A-11D0-8D11-00A0C91BC942}") = "engine", "engine\engine.vcxproj", "{E1B38EC2-EB2C-482B-A1AC-6CC089CED75B}"
EndProject
Project("{FAE04EC0-301F-11D3-BF4B-00C04F79EFBC}") = "editor", "editor\editor.csproj", "{24F0B2A3-74DF-43F2-BFDB-F223BE402A5A}"
EndProject
Global
	GlobalSection(SolutionConfigurationPlatforms) = preSolution
		Debug|x64 = Debug|x64
		Release|x64 = Release|x64
	EndGlobalSection
	GlobalSection(ProjectConfigurationPlatforms) = postSolution
		{E1B38EC2-EB2C-482B-A1AC-6CC089CED75B}.Debug|x64.ActiveCfg = Debug|x64
		{E1B38EC2-EB2C-482B-A1AC-6CC089CED75B}.Debug|x64.Build.0 = Debug|x64
		{E1B38EC2-EB2C-482B-A1AC-6CC089CED75B}.Release|x64.ActiveCfg = Release|x64
		{E1B38EC2-EB2C-482B-A1AC-6CC089CED75B}.Release|x64.Build.0 = Release|x64
		{24F0B2A3-74DF-43F2-BFDB-F223BE402A5A}.Debug|x64.ActiveCfg = Debug|Any CPU
		{24F0B2A3-74DF-43F2-BFDB-F223BE402A5A}.Debug|x64.Build.0 = Debug|Any CPU
		{24F0B2A3-74DF-43F2-BFDB-F223BE402A5A}.Release|x64.ActiveCfg = Release|Any CPU
		{24F0B2A3-74DF-43F2-BFDB-F223BE402A5A}.Release|x64.Build.0 = Release|Any CPU
	EndGlobalSection
	GlobalSection(SolutionProperties) = preSolution
		HideSolutionNode = FALSE
	EndGlobalSection
	GlobalSection(ExtensibilityGlobals) = postSolution
		SolutionGuid = {F0CA6EB1-9ACF-452C-A11C-A4A1C1EABE16}
	EndGlobalSection
EndGlobal
